
Microsoft Visual Studio Solution File, Format Version 12.00
# Visual Studio 15
VisualStudioVersion = 15.0.27703.2026
MinimumVisualStudioVersion = 10.0.40219.1
Project("{9A19103F-16F7-4668-BE54-9A1E7A4F7556}") = "CultistMetrics", "CultistMetrics\CultistMetrics.csproj", "{626A0002-FB95-4A86-92F0-CE2103BD6D0A}"
EndProject
Project("{9A19103F-16F7-4668-BE54-9A1E7A4F7556}") = "Microsoft.EntityFrameworkCore.UnitOfWork", "Microsoft.EntityFrameworkCore.UnitOfWork\Microsoft.EntityFrameworkCore.UnitOfWork.csproj", "{1F2581A0-D6AF-42AD-94ED-79EE71302664}"
EndProject
Project("{FAE04EC0-301F-11D3-BF4B-00C04F79EFBC}") = "CultistHelper", "CultistHelper\CultistHelper.csproj", "{FFD48AAB-4BAD-4FAA-84B0-A3D508AC337E}"
EndProject
Project("{FAE04EC0-301F-11D3-BF4B-00C04F79EFBC}") = "CultistMetrics.GenericModel", "CultistMetrics.GenericModel\CultistMetrics.GenericModel.csproj", "{0B1E799C-9A9A-41E0-BAAC-55D619EE64F5}"
EndProject
Global
	GlobalSection(SolutionConfigurationPlatforms) = preSolution
		Debug|Any CPU = Debug|Any CPU
		Release|Any CPU = Release|Any CPU
	EndGlobalSection
	GlobalSection(ProjectConfigurationPlatforms) = postSolution
		{626A0002-FB95-4A86-92F0-CE2103BD6D0A}.Debug|Any CPU.ActiveCfg = Debug|Any CPU
		{626A0002-FB95-4A86-92F0-CE2103BD6D0A}.Debug|Any CPU.Build.0 = Debug|Any CPU
		{626A0002-FB95-4A86-92F0-CE2103BD6D0A}.Release|Any CPU.ActiveCfg = Release|Any CPU
		{626A0002-FB95-4A86-92F0-CE2103BD6D0A}.Release|Any CPU.Build.0 = Release|Any CPU
		{1F2581A0-D6AF-42AD-94ED-79EE71302664}.Debug|Any CPU.ActiveCfg = Debug|Any CPU
		{1F2581A0-D6AF-42AD-94ED-79EE71302664}.Debug|Any CPU.Build.0 = Debug|Any CPU
		{1F2581A0-D6AF-42AD-94ED-79EE71302664}.Release|Any CPU.ActiveCfg = Release|Any CPU
		{1F2581A0-D6AF-42AD-94ED-79EE71302664}.Release|Any CPU.Build.0 = Release|Any CPU
		{FFD48AAB-4BAD-4FAA-84B0-A3D508AC337E}.Debug|Any CPU.ActiveCfg = Debug|Any CPU
		{FFD48AAB-4BAD-4FAA-84B0-A3D508AC337E}.Debug|Any CPU.Build.0 = Debug|Any CPU
		{FFD48AAB-4BAD-4FAA-84B0-A3D508AC337E}.Release|Any CPU.ActiveCfg = Release|Any CPU
		{FFD48AAB-4BAD-4FAA-84B0-A3D508AC337E}.Release|Any CPU.Build.0 = Release|Any CPU
		{0B1E799C-9A9A-41E0-BAAC-55D619EE64F5}.Debug|Any CPU.ActiveCfg = Debug|Any CPU
		{0B1E799C-9A9A-41E0-BAAC-55D619EE64F5}.Debug|Any CPU.Build.0 = Debug|Any CPU
		{0B1E799C-9A9A-41E0-BAAC-55D619EE64F5}.Release|Any CPU.ActiveCfg = Release|Any CPU
		{0B1E799C-9A9A-41E0-BAAC-55D619EE64F5}.Release|Any CPU.Build.0 = Release|Any CPU
	EndGlobalSection
	GlobalSection(SolutionProperties) = preSolution
		HideSolutionNode = FALSE
	EndGlobalSection
	GlobalSection(ExtensibilityGlobals) = postSolution
		SolutionGuid = {94AB34FB-86EF-4DA3-94B2-AE41B647ACFC}
	EndGlobalSection
EndGlobal
